
Microsoft Visual Studio Solution File, Format Version 12.00
# Visual Studio Version 17
VisualStudioVersion = 17.4.33122.133
MinimumVisualStudioVersion = 10.0.40219.1
Project("{9A19103F-16F7-4668-BE54-9A1E7A4F7556}") = "Tobey.BepInExTweaks.Subnautica", "Tobey.BepInExTweaks.Subnautica\Tobey.BepInExTweaks.Subnautica.csproj", "{7EE3A09B-E831-4AAC-B1E9-1D578C06E17A}"
EndProject
Project("{D954291E-2A0B-460D-934E-DC6B0785DB48}") = "BepInEx.ConfigurationManager", "BepInEx.ConfigurationManager\BepInEx.ConfigurationManager\BepInEx.ConfigurationManager.shproj", "{F9BC4E11-B6B8-478A-9D3A-D9A42DAF70D1}"
EndProject
Global
	GlobalSection(SolutionConfigurationPlatforms) = preSolution
		Debug|Any CPU = Debug|Any CPU
		Release|Any CPU = Release|Any CPU
	EndGlobalSection
	GlobalSection(ProjectConfigurationPlatforms) = postSolution
		{7EE3A09B-E831-4AAC-B1E9-1D578C06E17A}.Debug|Any CPU.ActiveCfg = Debug|Any CPU
		{7EE3A09B-E831-4AAC-B1E9-1D578C06E17A}.Debug|Any CPU.Build.0 = Debug|Any CPU
		{7EE3A09B-E831-4AAC-B1E9-1D578C06E17A}.Release|Any CPU.ActiveCfg = Release|Any CPU
		{7EE3A09B-E831-4AAC-B1E9-1D578C06E17A}.Release|Any CPU.Build.0 = Release|Any CPU
	EndGlobalSection
	GlobalSection(SolutionProperties) = preSolution
		HideSolutionNode = FALSE
	EndGlobalSection
	GlobalSection(ExtensibilityGlobals) = postSolution
		SolutionGuid = {D5831165-F5C0-48E8-AE3B-789E8C43ACCA}
	EndGlobalSection
	GlobalSection(SharedMSBuildProjectFiles) = preSolution
		..\Tobey.BepInExExtensionMethods\Tobey.BepInExExtensionMethods\Tobey.BepInExExtensionMethods.projitems*{7ee3a09b-e831-4aac-b1e9-1d578c06e17a}*SharedItemsImports = 5
		BepInEx.ConfigurationManager\BepInEx.ConfigurationManager\BepInEx.ConfigurationManager.projitems*{7ee3a09b-e831-4aac-b1e9-1d578c06e17a}*SharedItemsImports = 5
		BepInEx.ConfigurationManager\BepInEx.ConfigurationManager\BepInEx.ConfigurationManager.projitems*{f9bc4e11-b6b8-478a-9d3a-d9a42daf70d1}*SharedItemsImports = 13
	EndGlobalSection
EndGlobal
