
Microsoft Visual Studio Solution File, Format Version 12.00
# Visual Studio Version 17
VisualStudioVersion = 17.4.33122.133
MinimumVisualStudioVersion = 10.0.40219.1
Project("{FAE04EC0-301F-11D3-BF4B-00C04F79EFBC}") = "Tobey.BepInExTweaks.Subnautica", "Tobey.BepInExTweaks.Subnautica\Tobey.BepInExTweaks.Subnautica.csproj", "{7EE3A09B-E831-4AAC-B1E9-1D578C06E17A}"
EndProject
Global
	GlobalSection(SolutionConfigurationPlatforms) = preSolution
		Debug|Any CPU = Debug|Any CPU
		Release|Any CPU = Release|Any CPU
	EndGlobalSection
	GlobalSection(ProjectConfigurationPlatforms) = postSolution
		{7EE3A09B-E831-4AAC-B1E9-1D578C06E17A}.Debug|Any CPU.ActiveCfg = Debug|Any CPU
		{7EE3A09B-E831-4AAC-B1E9-1D578C06E17A}.Debug|Any CPU.Build.0 = Debug|Any CPU
		{7EE3A09B-E831-4AAC-B1E9-1D578C06E17A}.Release|Any CPU.ActiveCfg = Release|Any CPU
		{7EE3A09B-E831-4AAC-B1E9-1D578C06E17A}.Release|Any CPU.Build.0 = Release|Any CPU
	EndGlobalSection
	GlobalSection(SolutionProperties) = preSolution
		HideSolutionNode = FALSE
	EndGlobalSection
	GlobalSection(ExtensibilityGlobals) = postSolution
		SolutionGuid = {D5831165-F5C0-48E8-AE3B-789E8C43ACCA}
	EndGlobalSection
EndGlobal
